PODS:
  - Alamofire (5.9.1)
  - FirebaseABTesting (10.28.0):
    - FirebaseCore (~> 10.0)
  - FirebaseCore (10.28.0):
    - FirebaseCoreInternal (~> 10.0)
    - GoogleUtilities/Environment (~> 7.12)
    - GoogleUtilities/Logger (~> 7.12)
  - FirebaseCoreInternal (10.28.0):
    - "GoogleUtilities/NSData+zlib (~> 7.8)"
  - FirebaseInstallations (10.28.0):
    - FirebaseCore (~> 10.0)
    - GoogleUtilities/Environment (~> 7.8)
    - GoogleUtilities/UserDefaults (~> 7.8)
    - PromisesObjC (~> 2.1)
  - FirebaseRemoteConfig (10.28.0):
    - FirebaseABTesting (~> 10.0)
    - FirebaseCore (~> 10.0)
    - FirebaseInstallations (~> 10.0)
    - FirebaseRemoteConfigInterop (~> 10.23)
    - FirebaseSharedSwift (~> 10.0)
    - GoogleUtilities/Environment (~> 7.8)
    - "GoogleUtilities/NSData+zlib (~> 7.8)"
  - FirebaseRemoteConfigInterop (10.28.0)
  - FirebaseSharedSwift (10.28.0)
  - GoogleMaps (8.1.0):
    - GoogleMaps/Maps (= 8.1.0)
  - GoogleMaps/Base (8.1.0)
  - GoogleMaps/Maps (8.1.0):
    - GoogleMaps/Base
  - GooglePlaces (8.1.0)
  - GoogleUtilities/Environment (7.13.3):
    - GoogleUtilities/Privacy
    - PromisesObjC (< 3.0, >= 1.2)
  - GoogleUtilities/Logger (7.13.3):
    - GoogleUtilities/Environment
    - GoogleUtilities/Privacy
  - "GoogleUtilities/NSData+zlib (7.13.3)":
    - GoogleUtilities/Privacy
  - GoogleUtilities/Privacy (7.13.3)
  - GoogleUtilities/UserDefaults (7.13.3):
    - GoogleUtilities/Logger
    - GoogleUtilities/Privacy
  - GRDB.swift/SQLCipher (6.24.1):
    - SQLCipher (>= 3.4.2)
  - GSKStretchyHeaderView (1.0.4)
  - IQKeyboardManagerSwift (7.0.3)
  - Kingfisher (7.11.0)
  - MBProgressHUD (1.2.0)
  - MGSwipeTableCell (1.6.14)
  - NewRelicAgent (7.4.12)
  - Parchment (4.0.0)
  - Periphery (2.18.0)
  - PromisesObjC (2.4.0)
  - R.swift (7.3.2)
  - RATreeView (2.1.2)
  - ReachabilitySwift (5.0.0)
  - Reusable (4.1.2):
    - Reusable/Storyboard (= 4.1.2)
    - Reusable/View (= 4.1.2)
  - Reusable/Storyboard (4.1.2)
  - Reusable/View (4.1.2)
  - RSKImageCropper (4.0.0)
  - RxCocoa (6.6.0):
    - RxRelay (= 6.6.0)
    - RxSwift (= 6.6.0)
  - RxRelay (6.6.0):
    - RxSwift (= 6.6.0)
  - RxSwift (6.6.0)
  - SkyWay (5.0.0)
  - SnapKit (5.6.0)
  - SocketRocket (0.7.0)
  - SQLCipher (4.5.7):
    - SQLCipher/standard (= 4.5.7)
  - SQLCipher/common (4.5.7)
  - SQLCipher/standard (4.5.7):
    - SQLCipher/common
  - SwiftFormat/CLI (0.52.0)
  - SwiftLint (0.54.0)
  - SwiftyJSON (5.0.2)
  - Swinject (2.7.1)
  - SwinjectStoryboard (2.2.2):
    - Swinject (~> 2.7.1)
  - Then (3.0.0)

DEPENDENCIES:
  - Alamofire (= 5.9.1)
  - FirebaseInstallations (= 10.28.0)
  - FirebaseRemoteConfig (= 10.28.0)
  - GoogleMaps (= 8.1.0)
  - GooglePlaces (= 8.1.0)
  - GRDB.swift/SQLCipher (= 6.24.1)
  - GSKStretchyHeaderView (= 1.0.4)
  - IQKeyboardManagerSwift (= 7.0.3)
  - Kingfisher (= 7.11.0)
  - MBProgressHUD (= 1.2.0)
  - MGSwipeTableCell (= 1.6.14)
  - NewRelicAgent (= 7.4.12)
  - Parchment (= 4.0.0)
  - Periphery (= 2.18.0)
  - R.swift (= 7.3.2)
  - RATreeView (= 2.1.2)
  - ReachabilitySwift (= 5.0.0)
  - Reusable (= 4.1.2)
  - RSKImageCropper (= 4.0.0)
  - RxCocoa (= 6.6.0)
  - RxSwift (= 6.6.0)
  - SkyWay (= 5.0.0)
  - SnapKit (= 5.6.0)
  - SocketRocket (= 0.7.0)
  - SwiftFormat/CLI (= 0.52.0)
  - SwiftLint (= 0.54.0)
  - SwiftyJSON (= 5.0.2)
  - Swinject (= 2.7.1)
  - SwinjectStoryboard (= 2.2.2)
  - Then (= 3.0.0)

SPEC REPOS:
  trunk:
    - Alamofire
    - FirebaseABTesting
    - FirebaseCore
    - FirebaseCoreInternal
    - FirebaseInstallations
    - FirebaseRemoteConfig
    - FirebaseRemoteConfigInterop
    - FirebaseSharedSwift
    - GoogleMaps
    - GooglePlaces
    - GoogleUtilities
    - GRDB.swift
    - GSKStretchyHeaderView
    - IQKeyboardManagerSwift
    - Kingfisher
    - MBProgressHUD
    - MGSwipeTableCell
    - NewRelicAgent
    - Parchment
    - Periphery
    - PromisesObjC
    - R.swift
    - RATreeView
    - ReachabilitySwift
    - Reusable
    - RSKImageCropper
    - RxCocoa
    - RxRelay
    - RxSwift
    - SkyWay
    - SnapKit
    - SocketRocket
    - SQLCipher
    - SwiftFormat
    - SwiftLint
    - SwiftyJSON
    - Swinject
    - SwinjectStoryboard
    - Then

SPEC CHECKSUMS:
  Alamofire: f36a35757af4587d8e4f4bfa223ad10be2422b8c
  FirebaseABTesting: 589bc28c0ab3e5554336895a34aa262e24276665
  FirebaseCore: 857dc1c6dd1255675047404d8466f7dfaac5d779
  FirebaseCoreInternal: 58d07f1362fddeb0feb6a857d1d1d1c5e558e698
  FirebaseInstallations: 60c1d3bc1beef809fd1ad1189a8057a040c59f2e
  FirebaseRemoteConfig: f0879a8dccf4e8905716ed849569130efaeab3e2
  FirebaseRemoteConfigInterop: 70d200c6956ef3b5c3592a95e824c1210682d785
  FirebaseSharedSwift: 48de4aec81a6b79bb30404e5e6db43ea74848fed
  GoogleMaps: 97300a4b89a3641563782c52228c4530f5fe0d89
  GooglePlaces: 6a219644272d9c0f40d0b9ef2f111bfb2043bafc
  GoogleUtilities: ea963c370a38a8069cc5f7ba4ca849a60b6d7d15
  GRDB.swift: 136dcb5d8dddca50aae3ba7d77475f79e7232cd8
  GSKStretchyHeaderView: 9743704c12bdc9cf7c7947bad3af8bf24f7061e3
  IQKeyboardManagerSwift: f9c5dc36cba16ddd2e51fa7d51c34a2e083029b5
  Kingfisher: b9c985d864d43515f404f1ef4a8ce7d802ace3ac
  MBProgressHUD: 3ee5efcc380f6a79a7cc9b363dd669c5e1ae7406
  MGSwipeTableCell: d99ed6466f393b71cd488c6f798ba112ff5d1d01
  NewRelicAgent: 4b8ca7cad21bff3cdaa2824c1f814ff7b34ba382
  Parchment: 60038b444208afbcfd7c7d5b7d7accc0c036ab2c
  Periphery: df811cd90304f9ca6bed6c1904c5ac1a88cff23f
  PromisesObjC: f5707f49cb48b9636751c5b2e7d227e43fba9f47
  R.swift: 0af0d882f49f03711415cb4e5215daa977d8a480
  RATreeView: 380cde0090cfde21dc6ac29137f49d3b768fdd28
  ReachabilitySwift: 985039c6f7b23a1da463388634119492ff86c825
  Reusable: 6bae6a5e8aa793c9c441db0213c863a64bce9136
  RSKImageCropper: 90dfe482402fb8a40cabd5fea65186d9102cc425
  RxCocoa: 44a80de90e25b739b5aeaae3c8c371a32e3343cc
  RxRelay: 45eaa5db8ee4fb50e5ebd57deec0159e97fa51e6
  RxSwift: a4b44f7d24599f674deebd1818eab82e58410632
  SkyWay: bcc548bb0617e937fd9e468f9b204f2fc36f69f9
  SnapKit: e01d52ebb8ddbc333eefe2132acf85c8227d9c25
  SocketRocket: abac6f5de4d4d62d24e11868d7a2f427e0ef940d
  SQLCipher: 5e6bfb47323635c8b657b1b27d25c5f1baf63bf5
  SwiftFormat: 6ef2bbc785b94abb8ee5700a61e28f75b5342abc
  SwiftLint: c1de071d9d08c8aba837545f6254315bc900e211
  SwiftyJSON: f5b1bf1cd8dd53cd25887ac0eabcfd92301c6a5a
  Swinject: ddf78b8486dd9b71a667b852cad919ab4484478e
  SwinjectStoryboard: 240ce371396da09a4c43c72ee5c148108500e184
  Then: 844265ae87834bbe1147d91d5d41a404da2ec27d

PODFILE CHECKSUM: 61655760dc23d0f758e8a2725ca78f80842afca1

COCOAPODS: 1.15.2
