// !$*UTF8*$!
{
	archiveVersion = 1;
	classes = {
	};
	objectVersion = 56;
	objects = {

/* Begin PBXBuildFile section */
		EF68A7D537767FE0BCD3E312 /* Pods_TestRenovate.framework in Frameworks */ = {isa = PBXBuildFile; fileRef = 9661C50018337F782D87617F /* Pods_TestRenovate.framework */; };
		F45023562BFFB87C00A42DDC /* AppDelegate.swift in Sources */ = {isa = PBXBuildFile; fileRef = F45023552BFFB87C00A42DDC /* AppDelegate.swift */; };
		F45023582BFFB87C00A42DDC /* SceneDelegate.swift in Sources */ = {isa = PBXBuildFile; fileRef = F45023572BFFB87C00A42DDC /* SceneDelegate.swift */; };
		F450235A2BFFB87C00A42DDC /* ViewController.swift in Sources */ = {isa = PBXBuildFile; fileRef = F45023592BFFB87C00A42DDC /* ViewController.swift */; };
		F450235D2BFFB87C00A42DDC /* Base in Resources */ = {isa = PBXBuildFile; fileRef = F450235C2BFFB87C00A42DDC /* Base */; };
		F450235F2BFFB87D00A42DDC /* Assets.xcassets in Resources */ = {isa = PBXBuildFile; fileRef = F450235E2BFFB87D00A42DDC /* Assets.xcassets */; };
		F45023622BFFB87D00A42DDC /* Base in Resources */ = {isa = PBXBuildFile; fileRef = F45023612BFFB87D00A42DDC /* Base */; };
		F4CAB6832C003DB0001FF981 /* GRDB in Frameworks */ = {isa = PBXBuildFile; productRef = F4CAB6822C003DB0001FF981 /* GRDB */; };
/* End PBXBuildFile section */

/* Begin PBXFileReference section */
		807C2E3DEA0C186515274AF0 /* Pods-TestRenovate.debug.xcconfig */ = {isa = PBXFileReference; includeInIndex = 1; lastKnownFileType = text.xcconfig; name = "Pods-TestRenovate.debug.xcconfig"; path = "Target Support Files/Pods-TestRenovate/Pods-TestRenovate.debug.xcconfig"; sourceTree = "<group>"; };
		9661C50018337F782D87617F /* Pods_TestRenovate.framework */ = {isa = PBXFileReference; explicitFileType = wrapper.framework; includeInIndex = 0; path = Pods_TestRenovate.framework; sourceTree = BUILT_PRODUCTS_DIR; };
		F45023522BFFB87C00A42DDC /* TestRenovate.app */ = {isa = PBXFileReference; explicitFileType = wrapper.application; includeInIndex = 0; path = TestRenovate.app; sourceTree = BUILT_PRODUCTS_DIR; };
		F45023552BFFB87C00A42DDC /* AppDelegate.swift */ = {isa = PBXFileReference; lastKnownFileType = sourcecode.swift; path = AppDelegate.swift; sourceTree = "<group>"; };
		F45023572BFFB87C00A42DDC /* SceneDelegate.swift */ = {isa = PBXFileReference; lastKnownFileType = sourcecode.swift; path = SceneDelegate.swift; sourceTree = "<group>"; };
		F45023592BFFB87C00A42DDC /* ViewController.swift */ = {isa = PBXFileReference; lastKnownFileType = sourcecode.swift; path = ViewController.swift; sourceTree = "<group>"; };
		F450235C2BFFB87C00A42DDC /* Base */ = {isa = PBXFileReference; lastKnownFileType = file.storyboard; name = Base; path = Base.lproj/Main.storyboard; sourceTree = "<group>"; };
		F450235E2BFFB87D00A42DDC /* Assets.xcassets */ = {isa = PBXFileReference; lastKnownFileType = folder.assetcatalog; path = Assets.xcassets; sourceTree = "<group>"; };
		F45023612BFFB87D00A42DDC /* Base */ = {isa = PBXFileReference; lastKnownFileType = file.storyboard; name = Base; path = Base.lproj/LaunchScreen.storyboard; sourceTree = "<group>"; };
		F45023632BFFB87D00A42DDC /* Info.plist */ = {isa = PBXFileReference; lastKnownFileType = text.plist.xml; path = Info.plist; sourceTree = "<group>"; };
		FA01A4BC8327C7444FDE77D4 /* Pods-TestRenovate.release.xcconfig */ = {isa = PBXFileReference; includeInIndex = 1; lastKnownFileType = text.xcconfig; name = "Pods-TestRenovate.release.xcconfig"; path = "Target Support Files/Pods-TestRenovate/Pods-TestRenovate.release.xcconfig"; sourceTree = "<group>"; };
/* End PBXFileReference section */

/* Begin PBXFrameworksBuildPhase section */
		F450234F2BFFB87C00A42DDC /* Frameworks */ = {
			isa = PBXFrameworksBuildPhase;
			buildActionMask = 2147483647;
			files = (
				EF68A7D537767FE0BCD3E312 /* Pods_TestRenovate.framework in Frameworks */,
				F4CAB6832C003DB0001FF981 /* GRDB in Frameworks */,
			);
			runOnlyForDeploymentPostprocessing = 0;
		};
/* End PBXFrameworksBuildPhase section */

/* Begin PBXGroup section */
		81E37BECF7F11813DD653602 /* Pods */ = {
			isa = PBXGroup;
			children = (
				807C2E3DEA0C186515274AF0 /* Pods-TestRenovate.debug.xcconfig */,
				FA01A4BC8327C7444FDE77D4 /* Pods-TestRenovate.release.xcconfig */,
			);
			path = Pods;
			sourceTree = "<group>";
		};
		DBDAC9C1993CEECD0D0F159A /* Frameworks */ = {
			isa = PBXGroup;
			children = (
				9661C50018337F782D87617F /* Pods_TestRenovate.framework */,
			);
			name = Frameworks;
			sourceTree = "<group>";
		};
		F45023492BFFB87C00A42DDC = {
			isa = PBXGroup;
			children = (
				F45023542BFFB87C00A42DDC /* TestRenovate */,
				F45023532BFFB87C00A42DDC /* Products */,
				81E37BECF7F11813DD653602 /* Pods */,
				DBDAC9C1993CEECD0D0F159A /* Frameworks */,
			);
			sourceTree = "<group>";
		};
		F45023532BFFB87C00A42DDC /* Products */ = {
			isa = PBXGroup;
			children = (
				F45023522BFFB87C00A42DDC /* TestRenovate.app */,
			);
			name = Products;
			sourceTree = "<group>";
		};
		F45023542BFFB87C00A42DDC /* TestRenovate */ = {
			isa = PBXGroup;
			children = (
				F45023552BFFB87C00A42DDC /* AppDelegate.swift */,
				F45023572BFFB87C00A42DDC /* SceneDelegate.swift */,
				F45023592BFFB87C00A42DDC /* ViewController.swift */,
				F450235B2BFFB87C00A42DDC /* Main.storyboard */,
				F450235E2BFFB87D00A42DDC /* Assets.xcassets */,
				F45023602BFFB87D00A42DDC /* LaunchScreen.storyboard */,
				F45023632BFFB87D00A42DDC /* Info.plist */,
			);
			path = TestRenovate;
			sourceTree = "<group>";
		};
/* End PBXGroup section */

/* Begin PBXNativeTarget section */
		F45023512BFFB87C00A42DDC /* TestRenovate */ = {
			isa = PBXNativeTarget;
			buildConfigurationList = F45023662BFFB87D00A42DDC /* Build configuration list for PBXNativeTarget "TestRenovate" */;
			buildPhases = (
				4762E4959CE2B0EA6DF74066 /* [CP] Check Pods Manifest.lock */,
				F450234E2BFFB87C00A42DDC /* Sources */,
				F450234F2BFFB87C00A42DDC /* Frameworks */,
				F45023502BFFB87C00A42DDC /* Resources */,
				394BC724679E41717BAA5B50 /* [CP] Embed Pods Frameworks */,
				88F21F3AC1D49502DE9DFDA7 /* [CP] Copy Pods Resources */,
			);
			buildRules = (
			);
			dependencies = (
			);
			name = TestRenovate;
			packageProductDependencies = (
				F4CAB6822C003DB0001FF981 /* GRDB */,
			);
			productName = TestRenovate;
			productReference = F45023522BFFB87C00A42DDC /* TestRenovate.app */;
			productType = "com.apple.product-type.application";
		};
/* End PBXNativeTarget section */

/* Begin PBXProject section */
		F450234A2BFFB87C00A42DDC /* Project object */ = {
			isa = PBXProject;
			attributes = {
				BuildIndependentTargetsInParallel = 1;
				LastSwiftUpdateCheck = 1540;
				LastUpgradeCheck = 1540;
				TargetAttributes = {
					F45023512BFFB87C00A42DDC = {
						CreatedOnToolsVersion = 15.4;
					};
				};
			};
			buildConfigurationList = F450234D2BFFB87C00A42DDC /* Build configuration list for PBXProject "TestRenovate" */;
			compatibilityVersion = "Xcode 14.0";
			developmentRegion = en;
			hasScannedForEncodings = 0;
			knownRegions = (
				en,
				Base,
			);
			mainGroup = F45023492BFFB87C00A42DDC;
			packageReferences = (
				F4CAB6812C003DB0001FF981 /* XCRemoteSwiftPackageReference "GRDB.swift" */,
			);
			productRefGroup = F45023532BFFB87C00A42DDC /* Products */;
			projectDirPath = "";
			projectRoot = "";
			targets = (
				F45023512BFFB87C00A42DDC /* TestRenovate */,
			);
		};
/* End PBXProject section */

/* Begin PBXResourcesBuildPhase section */
		F45023502BFFB87C00A42DDC /* Resources */ = {
			isa = PBXResourcesBuildPhase;
			buildActionMask = 2147483647;
			files = (
				F450235F2BFFB87D00A42DDC /* Assets.xcassets in Resources */,
				F45023622BFFB87D00A42DDC /* Base in Resources */,
				F450235D2BFFB87C00A42DDC /* Base in Resources */,
			);
			runOnlyForDeploymentPostprocessing = 0;
		};
/* End PBXResourcesBuildPhase section */

/* Begin PBXShellScriptBuildPhase section */
		394BC724679E41717BAA5B50 /* [CP] Embed Pods Frameworks */ = {
			isa = PBXShellScriptBuildPhase;
			buildActionMask = 2147483647;
			files = (
			);
			inputFileListPaths = (
				"${PODS_ROOT}/Target Support Files/Pods-TestRenovate/Pods-TestRenovate-frameworks-${CONFIGURATION}-input-files.xcfilelist",
			);
			name = "[CP] Embed Pods Frameworks";
			outputFileListPaths = (
				"${PODS_ROOT}/Target Support Files/Pods-TestRenovate/Pods-TestRenovate-frameworks-${CONFIGURATION}-output-files.xcfilelist",
			);
			runOnlyForDeploymentPostprocessing = 0;
			shellPath = /bin/sh;
			shellScript = "\"${PODS_ROOT}/Target Support Files/Pods-TestRenovate/Pods-TestRenovate-frameworks.sh\"\n";
			showEnvVarsInLog = 0;
		};
		4762E4959CE2B0EA6DF74066 /* [CP] Check Pods Manifest.lock */ = {
			isa = PBXShellScriptBuildPhase;
			buildActionMask = 2147483647;
			files = (
			);
			inputFileListPaths = (
			);
			inputPaths = (
				"${PODS_PODFILE_DIR_PATH}/Podfile.lock",
				"${PODS_ROOT}/Manifest.lock",
			);
			name = "[CP] Check Pods Manifest.lock";
			outputFileListPaths = (
			);
			outputPaths = (
				"$(DERIVED_FILE_DIR)/Pods-TestRenovate-checkManifestLockResult.txt",
			);
			runOnlyForDeploymentPostprocessing = 0;
			shellPath = /bin/sh;
			shellScript = "diff \"${PODS_PODFILE_DIR_PATH}/Podfile.lock\" \"${PODS_ROOT}/Manifest.lock\" > /dev/null\nif [ $? != 0 ] ; then\n    # print error to STDERR\n    echo \"error: The sandbox is not in sync with the Podfile.lock. Run 'pod install' or update your CocoaPods installation.\" >&2\n    exit 1\nfi\n# This output is used by Xcode 'outputs' to avoid re-running this script phase.\necho \"SUCCESS\" > \"${SCRIPT_OUTPUT_FILE_0}\"\n";
			showEnvVarsInLog = 0;
		};
		88F21F3AC1D49502DE9DFDA7 /* [CP] Copy Pods Resources */ = {
			isa = PBXShellScriptBuildPhase;
			buildActionMask = 2147483647;
			files = (
			);
			inputFileListPaths = (
				"${PODS_ROOT}/Target Support Files/Pods-TestRenovate/Pods-TestRenovate-resources-${CONFIGURATION}-input-files.xcfilelist",
			);
			name = "[CP] Copy Pods Resources";
			outputFileListPaths = (
				"${PODS_ROOT}/Target Support Files/Pods-TestRenovate/Pods-TestRenovate-resources-${CONFIGURATION}-output-files.xcfilelist",
			);
			runOnlyForDeploymentPostprocessing = 0;
			shellPath = /bin/sh;
			shellScript = "\"${PODS_ROOT}/Target Support Files/Pods-TestRenovate/Pods-TestRenovate-resources.sh\"\n";
			showEnvVarsInLog = 0;
		};
/* End PBXShellScriptBuildPhase section */

/* Begin PBXSourcesBuildPhase section */
		F450234E2BFFB87C00A42DDC /* Sources */ = {
			isa = PBXSourcesBuildPhase;
			buildActionMask = 2147483647;
			files = (
				F450235A2BFFB87C00A42DDC /* ViewController.swift in Sources */,
				F45023562BFFB87C00A42DDC /* AppDelegate.swift in Sources */,
				F45023582BFFB87C00A42DDC /* SceneDelegate.swift in Sources */,
			);
			runOnlyForDeploymentPostprocessing = 0;
		};
/* End PBXSourcesBuildPhase section */

/* Begin PBXVariantGroup section */
		F450235B2BFFB87C00A42DDC /* Main.storyboard */ = {
			isa = PBXVariantGroup;
			children = (
				F450235C2BFFB87C00A42DDC /* Base */,
			);
			name = Main.storyboard;
			sourceTree = "<group>";
		};
		F45023602BFFB87D00A42DDC /* LaunchScreen.storyboard */ = {
			isa = PBXVariantGroup;
			children = (
				F45023612BFFB87D00A42DDC /* Base */,
			);
			name = LaunchScreen.storyboard;
			sourceTree = "<group>";
		};
/* End PBXVariantGroup section */

/* Begin XCBuildConfiguration section */
		F45023642BFFB87D00A42DDC /* Debug */ = {
			isa = XCBuildConfiguration;
			buildSettings = {
				ALWAYS_SEARCH_USER_PATHS = NO;
				ASSETCATALOG_COMPILER_GENERATE_SWIFT_ASSET_SYMBOL_EXTENSIONS = YES;
				CLANG_ANALYZER_NONNULL = YES;
				CLANG_ANALYZER_NUMBER_OBJECT_CONVERSION = YES_AGGRESSIVE;
				CLANG_CXX_LANGUAGE_STANDARD = "gnu++20";
				CLANG_ENABLE_MODULES = YES;
				CLANG_ENABLE_OBJC_ARC = YES;
				CLANG_ENABLE_OBJC_WEAK = YES;
				CLANG_WARN_BLOCK_CAPTURE_AUTORELEASING = YES;
				CLANG_WARN_BOOL_CONVERSION = YES;
				CLANG_WARN_COMMA = YES;
				CLANG_WARN_CONSTANT_CONVERSION = YES;
				CLANG_WARN_DEPRECATED_OBJC_IMPLEMENTATIONS = YES;
				CLANG_WARN_DIRECT_OBJC_ISA_USAGE = YES_ERROR;
				CLANG_WARN_DOCUMENTATION_COMMENTS = YES;
				CLANG_WARN_EMPTY_BODY = YES;
				CLANG_WARN_ENUM_CONVERSION = YES;
				CLANG_WARN_INFINITE_RECURSION = YES;
				CLANG_WARN_INT_CONVERSION = YES;
				CLANG_WARN_NON_LITERAL_NULL_CONVERSION = YES;
				CLANG_WARN_OBJC_IMPLICIT_RETAIN_SELF = YES;
				CLANG_WARN_OBJC_LITERAL_CONVERSION = YES;
				CLANG_WARN_OBJC_ROOT_CLASS = YES_ERROR;
				CLANG_WARN_QUOTED_INCLUDE_IN_FRAMEWORK_HEADER = YES;
				CLANG_WARN_RANGE_LOOP_ANALYSIS = YES;
				CLANG_WARN_STRICT_PROTOTYPES = YES;
				CLANG_WARN_SUSPICIOUS_MOVE = YES;
				CLANG_WARN_UNGUARDED_AVAILABILITY = YES_AGGRESSIVE;
				CLANG_WARN_UNREACHABLE_CODE = YES;
				CLANG_WARN__DUPLICATE_METHOD_MATCH = YES;
				COPY_PHASE_STRIP = NO;
				DEBUG_INFORMATION_FORMAT = dwarf;
				ENABLE_STRICT_OBJC_MSGSEND = YES;
				ENABLE_TESTABILITY = YES;
				ENABLE_USER_SCRIPT_SANDBOXING = YES;
				GCC_C_LANGUAGE_STANDARD = gnu17;
				GCC_DYNAMIC_NO_PIC = NO;
				GCC_NO_COMMON_BLOCKS = YES;
				GCC_OPTIMIZATION_LEVEL = 0;
				GCC_PREPROCESSOR_DEFINITIONS = (
					"DEBUG=1",
					"$(inherited)",
				);
				GCC_WARN_64_TO_32_BIT_CONVERSION = YES;
				GCC_WARN_ABOUT_RETURN_TYPE = YES_ERROR;
				GCC_WARN_UNDECLARED_SELECTOR = YES;
				GCC_WARN_UNINITIALIZED_AUTOS = YES_AGGRESSIVE;
				GCC_WARN_UNUSED_FUNCTION = YES;
				GCC_WARN_UNUSED_VARIABLE = YES;
				IPHONEOS_DEPLOYMENT_TARGET = 17.5;
				LOCALIZATION_PREFERS_STRING_CATALOGS = YES;
				MTL_ENABLE_DEBUG_INFO = INCLUDE_SOURCE;
				MTL_FAST_MATH = YES;
				ONLY_ACTIVE_ARCH = YES;
				SDKROOT = iphoneos;
				SWIFT_ACTIVE_COMPILATION_CONDITIONS = "DEBUG $(inherited)";
				SWIFT_OPTIMIZATION_LEVEL = "-Onone";
			};
			name = Debug;
		};
		F45023652BFFB87D00A42DDC /* Release */ = {
			isa = XCBuildConfiguration;
			buildSettings = {
				ALWAYS_SEARCH_USER_PATHS = NO;
				ASSETCATALOG_COMPILER_GENERATE_SWIFT_ASSET_SYMBOL_EXTENSIONS = YES;
				CLANG_ANALYZER_NONNULL = YES;
				CLANG_ANALYZER_NUMBER_OBJECT_CONVERSION = YES_AGGRESSIVE;
				CLANG_CXX_LANGUAGE_STANDARD = "gnu++20";
				CLANG_ENABLE_MODULES = YES;
				CLANG_ENABLE_OBJC_ARC = YES;
				CLANG_ENABLE_OBJC_WEAK = YES;
				CLANG_WARN_BLOCK_CAPTURE_AUTORELEASING = YES;
				CLANG_WARN_BOOL_CONVERSION = YES;
				CLANG_WARN_COMMA = YES;
				CLANG_WARN_CONSTANT_CONVERSION = YES;
				CLANG_WARN_DEPRECATED_OBJC_IMPLEMENTATIONS = YES;
				CLANG_WARN_DIRECT_OBJC_ISA_USAGE = YES_ERROR;
				CLANG_WARN_DOCUMENTATION_COMMENTS = YES;
				CLANG_WARN_EMPTY_BODY = YES;
				CLANG_WARN_ENUM_CONVERSION = YES;
				CLANG_WARN_INFINITE_RECURSION = YES;
				CLANG_WARN_INT_CONVERSION = YES;
				CLANG_WARN_NON_LITERAL_NULL_CONVERSION = YES;
				CLANG_WARN_OBJC_IMPLICIT_RETAIN_SELF = YES;
				CLANG_WARN_OBJC_LITERAL_CONVERSION = YES;
				CLANG_WARN_OBJC_ROOT_CLASS = YES_ERROR;
				CLANG_WARN_QUOTED_INCLUDE_IN_FRAMEWORK_HEADER = YES;
				CLANG_WARN_RANGE_LOOP_ANALYSIS = YES;
				CLANG_WARN_STRICT_PROTOTYPES = YES;
				CLANG_WARN_SUSPICIOUS_MOVE = YES;
				CLANG_WARN_UNGUARDED_AVAILABILITY = YES_AGGRESSIVE;
				CLANG_WARN_UNREACHABLE_CODE = YES;
				CLANG_WARN__DUPLICATE_METHOD_MATCH = YES;
				COPY_PHASE_STRIP = NO;
				DEBUG_INFORMATION_FORMAT = "dwarf-with-dsym";
				ENABLE_NS_ASSERTIONS = NO;
				ENABLE_STRICT_OBJC_MSGSEND = YES;
				ENABLE_USER_SCRIPT_SANDBOXING = YES;
				GCC_C_LANGUAGE_STANDARD = gnu17;
				GCC_NO_COMMON_BLOCKS = YES;
				GCC_WARN_64_TO_32_BIT_CONVERSION = YES;
				GCC_WARN_ABOUT_RETURN_TYPE = YES_ERROR;
				GCC_WARN_UNDECLARED_SELECTOR = YES;
				GCC_WARN_UNINITIALIZED_AUTOS = YES_AGGRESSIVE;
				GCC_WARN_UNUSED_FUNCTION = YES;
				GCC_WARN_UNUSED_VARIABLE = YES;
				IPHONEOS_DEPLOYMENT_TARGET = 17.5;
				LOCALIZATION_PREFERS_STRING_CATALOGS = YES;
				MTL_ENABLE_DEBUG_INFO = NO;
				MTL_FAST_MATH = YES;
				SDKROOT = iphoneos;
				SWIFT_COMPILATION_MODE = wholemodule;
				VALIDATE_PRODUCT = YES;
			};
			name = Release;
		};
		F45023672BFFB87D00A42DDC /* Debug */ = {
			isa = XCBuildConfiguration;
			baseConfigurationReference = 807C2E3DEA0C186515274AF0 /* Pods-TestRenovate.debug.xcconfig */;
			buildSettings = {
				ASSETCATALOG_COMPILER_APPICON_NAME = AppIcon;
				ASSETCATALOG_COMPILER_GLOBAL_ACCENT_COLOR_NAME = AccentColor;
				CODE_SIGN_STYLE = Automatic;
				CURRENT_PROJECT_VERSION = 1;
				DEVELOPMENT_TEAM = VV528E4X2Y;
				GENERATE_INFOPLIST_FILE = YES;
				INFOPLIST_FILE = TestRenovate/Info.plist;
				INFOPLIST_KEY_UIApplicationSupportsIndirectInputEvents = YES;
				INFOPLIST_KEY_UILaunchStoryboardName = LaunchScreen;
				INFOPLIST_KEY_UIMainStoryboardFile = Main;
				INFOPLIST_KEY_UISupportedInterfaceOrientations_iPad = "UIInterfaceOrientationPortrait UIInterfaceOrientationPortraitUpsideDown UIInterfaceOrientationLandscapeLeft UIInterfaceOrientationLandscapeRight";
				INFOPLIST_KEY_UISupportedInterfaceOrientations_iPhone = "UIInterfaceOrientationPortrait UIInterfaceOrientationLandscapeLeft UIInterfaceOrientationLandscapeRight";
				LD_RUNPATH_SEARCH_PATHS = (
					"$(inherited)",
					"@executable_path/Frameworks",
				);
				MARKETING_VERSION = 1.0;
				PRODUCT_BUNDLE_IDENTIFIER = com.thanhfnx.TestRenovate;
				PRODUCT_NAME = "$(TARGET_NAME)";
				SWIFT_EMIT_LOC_STRINGS = YES;
				SWIFT_VERSION = 5.0;
				TARGETED_DEVICE_FAMILY = "1,2";
			};
			name = Debug;
		};
		F45023682BFFB87D00A42DDC /* Release */ = {
			isa = XCBuildConfiguration;
			baseConfigurationReference = FA01A4BC8327C7444FDE77D4 /* Pods-TestRenovate.release.xcconfig */;
			buildSettings = {
				ASSETCATALOG_COMPILER_APPICON_NAME = AppIcon;
				ASSETCATALOG_COMPILER_GLOBAL_ACCENT_COLOR_NAME = AccentColor;
				CODE_SIGN_STYLE = Automatic;
				CURRENT_PROJECT_VERSION = 1;
				DEVELOPMENT_TEAM = VV528E4X2Y;
				GENERATE_INFOPLIST_FILE = YES;
				INFOPLIST_FILE = TestRenovate/Info.plist;
				INFOPLIST_KEY_UIApplicationSupportsIndirectInputEvents = YES;
				INFOPLIST_KEY_UILaunchStoryboardName = LaunchScreen;
				INFOPLIST_KEY_UIMainStoryboardFile = Main;
				INFOPLIST_KEY_UISupportedInterfaceOrientations_iPad = "UIInterfaceOrientationPortrait UIInterfaceOrientationPortraitUpsideDown UIInterfaceOrientationLandscapeLeft UIInterfaceOrientationLandscapeRight";
				INFOPLIST_KEY_UISupportedInterfaceOrientations_iPhone = "UIInterfaceOrientationPortrait UIInterfaceOrientationLandscapeLeft UIInterfaceOrientationLandscapeRight";
				LD_RUNPATH_SEARCH_PATHS = (
					"$(inherited)",
					"@executable_path/Frameworks",
				);
				MARKETING_VERSION = 1.0;
				PRODUCT_BUNDLE_IDENTIFIER = com.thanhfnx.TestRenovate;
				PRODUCT_NAME = "$(TARGET_NAME)";
				SWIFT_EMIT_LOC_STRINGS = YES;
				SWIFT_VERSION = 5.0;
				TARGETED_DEVICE_FAMILY = "1,2";
			};
			name = Release;
		};
/* End XCBuildConfiguration section */

/* Begin XCConfigurationList section */
		F450234D2BFFB87C00A42DDC /* Build configuration list for PBXProject "TestRenovate" */ = {
			isa = XCConfigurationList;
			buildConfigurations = (
				F45023642BFFB87D00A42DDC /* Debug */,
				F45023652BFFB87D00A42DDC /* Release */,
			);
			defaultConfigurationIsVisible = 0;
			defaultConfigurationName = Release;
		};
		F45023662BFFB87D00A42DDC /* Build configuration list for PBXNativeTarget "TestRenovate" */ = {
			isa = XCConfigurationList;
			buildConfigurations = (
				F45023672BFFB87D00A42DDC /* Debug */,
				F45023682BFFB87D00A42DDC /* Release */,
			);
			defaultConfigurationIsVisible = 0;
			defaultConfigurationName = Release;
		};
/* End XCConfigurationList section */

/* Begin XCRemoteSwiftPackageReference section */
		F4CAB6812C003DB0001FF981 /* XCRemoteSwiftPackageReference "GRDB.swift" */ = {
			isa = XCRemoteSwiftPackageReference;
			repositoryURL = "https://github.com/groue/GRDB.swift.git";
			requirement = {
				branch = master;
				kind = branch;
			};
		};
/* End XCRemoteSwiftPackageReference section */

/* Begin XCSwiftPackageProductDependency section */
		F4CAB6822C003DB0001FF981 /* GRDB */ = {
			isa = XCSwiftPackageProductDependency;
			package = F4CAB6812C003DB0001FF981 /* XCRemoteSwiftPackageReference "GRDB.swift" */;
			productName = GRDB;
		};
/* End XCSwiftPackageProductDependency section */
	};
	rootObject = F450234A2BFFB87C00A42DDC /* Project object */;
}
